// !$*UTF8*$!
{
	archiveVersion = 1;
	classes = {
	};
	objectVersion = 56;
	objects = {

/* Begin PBXBuildFile section */
		E6C4C73129811F340001EAD6 /* AppDelegate.swift in Sources */ = {isa = PBXBuildFile; fileRef = E6C4C73029811F340001EAD6 /* AppDelegate.swift */; };
		E6C4C73329811F340001EAD6 /* SceneDelegate.swift in Sources */ = {isa = PBXBuildFile; fileRef = E6C4C73229811F340001EAD6 /* SceneDelegate.swift */; };
		E6C4C73529811F340001EAD6 /* ViewController.swift in Sources */ = {isa = PBXBuildFile; fileRef = E6C4C73429811F340001EAD6 /* ViewController.swift */; };
		E6C4C73829811F340001EAD6 /* Main.storyboard in Resources */ = {isa = PBXBuildFile; fileRef = E6C4C73629811F340001EAD6 /* Main.storyboard */; };
		E6C4C73A29811F380001EAD6 /* Assets.xcassets in Resources */ = {isa = PBXBuildFile; fileRef = E6C4C73929811F380001EAD6 /* Assets.xcassets */; };
		E6C4C73D29811F380001EAD6 /* LaunchScreen.storyboard in Resources */ = {isa = PBXBuildFile; fileRef = E6C4C73B29811F380001EAD6 /* LaunchScreen.storyboard */; };
		E6C4C750298120760001EAD6 /* LoadingViewControllersInUnitTestTests.swift in Sources */ = {isa = PBXBuildFile; fileRef = E6C4C74F298120760001EAD6 /* LoadingViewControllersInUnitTestTests.swift */; };
/* End PBXBuildFile section */

/* Begin PBXContainerItemProxy section */
		E6C4C751298120760001EAD6 /* PBXContainerItemProxy */ = {
			isa = PBXContainerItemProxy;
			containerPortal = E6C4C72529811F340001EAD6 /* Project object */;
			proxyType = 1;
			remoteGlobalIDString = E6C4C72C29811F340001EAD6;
			remoteInfo = LoadingViewControllersInUnitTest;
		};
/* End PBXContainerItemProxy section */

/* Begin PBXFileReference section */
		E6C4C72D29811F340001EAD6 /* LoadingViewControllersInUnitTest.app */ = {isa = PBXFileReference; explicitFileType = wrapper.application; includeInIndex = 0; path = LoadingViewControllersInUnitTest.app; sourceTree = BUILT_PRODUCTS_DIR; };
		E6C4C73029811F340001EAD6 /* AppDelegate.swift */ = {isa = PBXFileReference; lastKnownFileType = sourcecode.swift; path = AppDelegate.swift; sourceTree = "<group>"; };
		E6C4C73229811F340001EAD6 /* SceneDelegate.swift */ = {isa = PBXFileReference; lastKnownFileType = sourcecode.swift; path = SceneDelegate.swift; sourceTree = "<group>"; };
		E6C4C73429811F340001EAD6 /* ViewController.swift */ = {isa = PBXFileReference; lastKnownFileType = sourcecode.swift; path = ViewController.swift; sourceTree = "<group>"; };
		E6C4C73729811F340001EAD6 /* Base */ = {isa = PBXFileReference; lastKnownFileType = file.storyboard; name = Base; path = Base.lproj/Main.storyboard; sourceTree = "<group>"; };
		E6C4C73929811F380001EAD6 /* Assets.xcassets */ = {isa = PBXFileReference; lastKnownFileType = folder.assetcatalog; path = Assets.xcassets; sourceTree = "<group>"; };
		E6C4C73C29811F380001EAD6 /* Base */ = {isa = PBXFileReference; lastKnownFileType = file.storyboard; name = Base; path = Base.lproj/LaunchScreen.storyboard; sourceTree = "<group>"; };
		E6C4C73E29811F380001EAD6 /* Info.plist */ = {isa = PBXFileReference; lastKnownFileType = text.plist.xml; path = Info.plist; sourceTree = "<group>"; };
		E6C4C74D298120760001EAD6 /* LoadingViewControllersInUnitTestTests.xctest */ = {isa = PBXFileReference; explicitFileType = wrapper.cfbundle; includeInIndex = 0; path = LoadingViewControllersInUnitTestTests.xctest; sourceTree = BUILT_PRODUCTS_DIR; };
		E6C4C74F298120760001EAD6 /* LoadingViewControllersInUnitTestTests.swift */ = {isa = PBXFileReference; lastKnownFileType = sourcecode.swift; path = LoadingViewControllersInUnitTestTests.swift; sourceTree = "<group>"; };
/* End PBXFileReference section */

/* Begin PBXFrameworksBuildPhase section */
		E6C4C72A29811F340001EAD6 /* Frameworks */ = {
			isa = PBXFrameworksBuildPhase;
			buildActionMask = 2147483647;
			files = (
			);
			runOnlyForDeploymentPostprocessing = 0;
		};
		E6C4C74A298120760001EAD6 /* Frameworks */ = {
			isa = PBXFrameworksBuildPhase;
			buildActionMask = 2147483647;
			files = (
			);
			runOnlyForDeploymentPostprocessing = 0;
		};
/* End PBXFrameworksBuildPhase section */

/* Begin PBXGroup section */
		E6C4C72429811F340001EAD6 = {
			isa = PBXGroup;
			children = (
				E6C4C72F29811F340001EAD6 /* LoadingViewControllersInUnitTest */,
				E6C4C74E298120760001EAD6 /* LoadingViewControllersInUnitTestTests */,
				E6C4C72E29811F340001EAD6 /* Products */,
			);
			sourceTree = "<group>";
		};
		E6C4C72E29811F340001EAD6 /* Products */ = {
			isa = PBXGroup;
			children = (
				E6C4C72D29811F340001EAD6 /* LoadingViewControllersInUnitTest.app */,
				E6C4C74D298120760001EAD6 /* LoadingViewControllersInUnitTestTests.xctest */,
			);
			name = Products;
			sourceTree = "<group>";
		};
		E6C4C72F29811F340001EAD6 /* LoadingViewControllersInUnitTest */ = {
			isa = PBXGroup;
			children = (
				E6C4C73029811F340001EAD6 /* AppDelegate.swift */,
				E6C4C73229811F340001EAD6 /* SceneDelegate.swift */,
				E6C4C73429811F340001EAD6 /* ViewController.swift */,
				E6C4C73629811F340001EAD6 /* Main.storyboard */,
				E6C4C73929811F380001EAD6 /* Assets.xcassets */,
				E6C4C73B29811F380001EAD6 /* LaunchScreen.storyboard */,
				E6C4C73E29811F380001EAD6 /* Info.plist */,
			);
			path = LoadingViewControllersInUnitTest;
			sourceTree = "<group>";
		};
		E6C4C74E298120760001EAD6 /* LoadingViewControllersInUnitTestTests */ = {
			isa = PBXGroup;
			children = (
				E6C4C74F298120760001EAD6 /* LoadingViewControllersInUnitTestTests.swift */,
			);
			path = LoadingViewControllersInUnitTestTests;
			sourceTree = "<group>";
		};
/* End PBXGroup section */

/* Begin PBXNativeTarget section */
		E6C4C72C29811F340001EAD6 /* LoadingViewControllersInUnitTest */ = {
			isa = PBXNativeTarget;
			buildConfigurationList = E6C4C74129811F380001EAD6 /* Build configuration list for PBXNativeTarget "LoadingViewControllersInUnitTest" */;
			buildPhases = (
				E6C4C72929811F340001EAD6 /* Sources */,
				E6C4C72A29811F340001EAD6 /* Frameworks */,
				E6C4C72B29811F340001EAD6 /* Resources */,
			);
			buildRules = (
			);
			dependencies = (
			);
			name = LoadingViewControllersInUnitTest;
			productName = LoadingViewControllersInUnitTest;
			productReference = E6C4C72D29811F340001EAD6 /* LoadingViewControllersInUnitTest.app */;
			productType = "com.apple.product-type.application";
		};
		E6C4C74C298120760001EAD6 /* LoadingViewControllersInUnitTestTests */ = {
			isa = PBXNativeTarget;
			buildConfigurationList = E6C4C753298120760001EAD6 /* Build configuration list for PBXNativeTarget "LoadingViewControllersInUnitTestTests" */;
			buildPhases = (
				E6C4C749298120760001EAD6 /* Sources */,
				E6C4C74A298120760001EAD6 /* Frameworks */,
				E6C4C74B298120760001EAD6 /* Resources */,
			);
			buildRules = (
			);
			dependencies = (
				E6C4C752298120760001EAD6 /* PBXTargetDependency */,
			);
			name = LoadingViewControllersInUnitTestTests;
			productName = LoadingViewControllersInUnitTestTests;
			productReference = E6C4C74D298120760001EAD6 /* LoadingViewControllersInUnitTestTests.xctest */;
			productType = "com.apple.product-type.bundle.unit-test";
		};
/* End PBXNativeTarget section */

/* Begin PBXProject section */
		E6C4C72529811F340001EAD6 /* Project object */ = {
			isa = PBXProject;
			attributes = {
				BuildIndependentTargetsInParallel = 1;
				LastSwiftUpdateCheck = 1410;
				LastUpgradeCheck = 1410;
				TargetAttributes = {
					E6C4C72C29811F340001EAD6 = {
						CreatedOnToolsVersion = 14.1;
					};
					E6C4C74C298120760001EAD6 = {
						CreatedOnToolsVersion = 14.1;
						TestTargetID = E6C4C72C29811F340001EAD6;
					};
				};
			};
			buildConfigurationList = E6C4C72829811F340001EAD6 /* Build configuration list for PBXProject "LoadingViewControllersInUnitTest" */;
			compatibilityVersion = "Xcode 14.0";
			developmentRegion = en;
			hasScannedForEncodings = 0;
			knownRegions = (
				en,
				Base,
			);
			mainGroup = E6C4C72429811F340001EAD6;
			productRefGroup = E6C4C72E29811F340001EAD6 /* Products */;
			projectDirPath = "";
			projectRoot = "";
			targets = (
				E6C4C72C29811F340001EAD6 /* LoadingViewControllersInUnitTest */,
				E6C4C74C298120760001EAD6 /* LoadingViewControllersInUnitTestTests */,
			);
		};
/* End PBXProject section */

/* Begin PBXResourcesBuildPhase section */
		E6C4C72B29811F340001EAD6 /* Resources */ = {
			isa = PBXResourcesBuildPhase;
			buildActionMask = 2147483647;
			files = (
				E6C4C73D29811F380001EAD6 /* LaunchScreen.storyboard in Resources */,
				E6C4C73A29811F380001EAD6 /* Assets.xcassets in Resources */,
				E6C4C73829811F340001EAD6 /* Main.storyboard in Resources */,
			);
			runOnlyForDeploymentPostprocessing = 0;
		};
		E6C4C74B298120760001EAD6 /* Resources */ = {
			isa = PBXResourcesBuildPhase;
			buildActionMask = 2147483647;
			files = (
			);
			runOnlyForDeploymentPostprocessing = 0;
		};
/* End PBXResourcesBuildPhase section */

/* Begin PBXSourcesBuildPhase section */
		E6C4C72929811F340001EAD6 /* Sources */ = {
			isa = PBXSourcesBuildPhase;
			buildActionMask = 2147483647;
			files = (
				E6C4C73529811F340001EAD6 /* ViewController.swift in Sources */,
				E6C4C73129811F340001EAD6 /* AppDelegate.swift in Sources */,
				E6C4C73329811F340001EAD6 /* SceneDelegate.swift in Sources */,
			);
			runOnlyForDeploymentPostprocessing = 0;
		};
		E6C4C749298120760001EAD6 /* Sources */ = {
			isa = PBXSourcesBuildPhase;
			buildActionMask = 2147483647;
			files = (
				E6C4C750298120760001EAD6 /* LoadingViewControllersInUnitTestTests.swift in Sources */,
			);
			runOnlyForDeploymentPostprocessing = 0;
		};
/* End PBXSourcesBuildPhase section */

/* Begin PBXTargetDependency section */
		E6C4C752298120760001EAD6 /* PBXTargetDependency */ = {
			isa = PBXTargetDependency;
			target = E6C4C72C29811F340001EAD6 /* LoadingViewControllersInUnitTest */;
			targetProxy = E6C4C751298120760001EAD6 /* PBXContainerItemProxy */;
		};
/* End PBXTargetDependency section */

/* Begin PBXVariantGroup section */
		E6C4C73629811F340001EAD6 /* Main.storyboard */ = {
			isa = PBXVariantGroup;
			children = (
				E6C4C73729811F340001EAD6 /* Base */,
			);
			name = Main.storyboard;
			sourceTree = "<group>";
		};
		E6C4C73B29811F380001EAD6 /* LaunchScreen.storyboard */ = {
			isa = PBXVariantGroup;
			children = (
				E6C4C73C29811F380001EAD6 /* Base */,
			);
			name = LaunchScreen.storyboard;
			sourceTree = "<group>";
		};
/* End PBXVariantGroup section */

/* Begin XCBuildConfiguration section */
		E6C4C73F29811F380001EAD6 /* Debug */ = {
			isa = XCBuildConfiguration;
			buildSettings = {
				ALWAYS_SEARCH_USER_PATHS = NO;
				CLANG_ANALYZER_NONNULL = YES;
				CLANG_ANALYZER_NUMBER_OBJECT_CONVERSION = YES_AGGRESSIVE;
				CLANG_CXX_LANGUAGE_STANDARD = "gnu++20";
				CLANG_ENABLE_MODULES = YES;
				CLANG_ENABLE_OBJC_ARC = YES;
				CLANG_ENABLE_OBJC_WEAK = YES;
				CLANG_WARN_BLOCK_CAPTURE_AUTORELEASING = YES;
				CLANG_WARN_BOOL_CONVERSION = YES;
				CLANG_WARN_COMMA = YES;
				CLANG_WARN_CONSTANT_CONVERSION = YES;
				CLANG_WARN_DEPRECATED_OBJC_IMPLEMENTATIONS = YES;
				CLANG_WARN_DIRECT_OBJC_ISA_USAGE = YES_ERROR;
				CLANG_WARN_DOCUMENTATION_COMMENTS = YES;
				CLANG_WARN_EMPTY_BODY = YES;
				CLANG_WARN_ENUM_CONVERSION = YES;
				CLANG_WARN_INFINITE_RECURSION = YES;
				CLANG_WARN_INT_CONVERSION = YES;
				CLANG_WARN_NON_LITERAL_NULL_CONVERSION = YES;
				CLANG_WARN_OBJC_IMPLICIT_RETAIN_SELF = YES;
				CLANG_WARN_OBJC_LITERAL_CONVERSION = YES;
				CLANG_WARN_OBJC_ROOT_CLASS = YES_ERROR;
				CLANG_WARN_QUOTED_INCLUDE_IN_FRAMEWORK_HEADER = YES;
				CLANG_WARN_RANGE_LOOP_ANALYSIS = YES;
				CLANG_WARN_STRICT_PROTOTYPES = YES;
				CLANG_WARN_SUSPICIOUS_MOVE = YES;
				CLANG_WARN_UNGUARDED_AVAILABILITY = YES_AGGRESSIVE;
				CLANG_WARN_UNREACHABLE_CODE = YES;
				CLANG_WARN__DUPLICATE_METHOD_MATCH = YES;
				COPY_PHASE_STRIP = NO;
				DEBUG_INFORMATION_FORMAT = dwarf;
				ENABLE_STRICT_OBJC_MSGSEND = YES;
				ENABLE_TESTABILITY = YES;
				GCC_C_LANGUAGE_STANDARD = gnu11;
				GCC_DYNAMIC_NO_PIC = NO;
				GCC_NO_COMMON_BLOCKS = YES;
				GCC_OPTIMIZATION_LEVEL = 0;
				GCC_PREPROCESSOR_DEFINITIONS = (
					"DEBUG=1",
					"$(inherited)",
				);
				GCC_WARN_64_TO_32_BIT_CONVERSION = YES;
				GCC_WARN_ABOUT_RETURN_TYPE = YES_ERROR;
				GCC_WARN_UNDECLARED_SELECTOR = YES;
				GCC_WARN_UNINITIALIZED_AUTOS = YES_AGGRESSIVE;
				GCC_WARN_UNUSED_FUNCTION = YES;
				GCC_WARN_UNUSED_VARIABLE = YES;
				IPHONEOS_DEPLOYMENT_TARGET = 16.1;
				MTL_ENABLE_DEBUG_INFO = INCLUDE_SOURCE;
				MTL_FAST_MATH = YES;
				ONLY_ACTIVE_ARCH = YES;
				SDKROOT = iphoneos;
				SWIFT_ACTIVE_COMPILATION_CONDITIONS = DEBUG;
				SWIFT_OPTIMIZATION_LEVEL = "-Onone";
			};
			name = Debug;
		};
		E6C4C74029811F380001EAD6 /* Release */ = {
			isa = XCBuildConfiguration;
			buildSettings = {
				ALWAYS_SEARCH_USER_PATHS = NO;
				CLANG_ANALYZER_NONNULL = YES;
				CLANG_ANALYZER_NUMBER_OBJECT_CONVERSION = YES_AGGRESSIVE;
				CLANG_CXX_LANGUAGE_STANDARD = "gnu++20";
				CLANG_ENABLE_MODULES = YES;
				CLANG_ENABLE_OBJC_ARC = YES;
				CLANG_ENABLE_OBJC_WEAK = YES;
				CLANG_WARN_BLOCK_CAPTURE_AUTORELEASING = YES;
				CLANG_WARN_BOOL_CONVERSION = YES;
				CLANG_WARN_COMMA = YES;
				CLANG_WARN_CONSTANT_CONVERSION = YES;
				CLANG_WARN_DEPRECATED_OBJC_IMPLEMENTATIONS = YES;
				CLANG_WARN_DIRECT_OBJC_ISA_USAGE = YES_ERROR;
				CLANG_WARN_DOCUMENTATION_COMMENTS = YES;
				CLANG_WARN_EMPTY_BODY = YES;
				CLANG_WARN_ENUM_CONVERSION = YES;
				CLANG_WARN_INFINITE_RECURSION = YES;
				CLANG_WARN_INT_CONVERSION = YES;
				CLANG_WARN_NON_LITERAL_NULL_CONVERSION = YES;
				CLANG_WARN_OBJC_IMPLICIT_RETAIN_SELF = YES;
				CLANG_WARN_OBJC_LITERAL_CONVERSION = YES;
				CLANG_WARN_OBJC_ROOT_CLASS = YES_ERROR;
				CLANG_WARN_QUOTED_INCLUDE_IN_FRAMEWORK_HEADER = YES;
				CLANG_WARN_RANGE_LOOP_ANALYSIS = YES;
				CLANG_WARN_STRICT_PROTOTYPES = YES;
				CLANG_WARN_SUSPICIOUS_MOVE = YES;
				CLANG_WARN_UNGUARDED_AVAILABILITY = YES_AGGRESSIVE;
				CLANG_WARN_UNREACHABLE_CODE = YES;
				CLANG_WARN__DUPLICATE_METHOD_MATCH = YES;
				COPY_PHASE_STRIP = NO;
				DEBUG_INFORMATION_FORMAT = "dwarf-with-dsym";
				ENABLE_NS_ASSERTIONS = NO;
				ENABLE_STRICT_OBJC_MSGSEND = YES;
				GCC_C_LANGUAGE_STANDARD = gnu11;
				GCC_NO_COMMON_BLOCKS = YES;
				GCC_WARN_64_TO_32_BIT_CONVERSION = YES;
				GCC_WARN_ABOUT_RETURN_TYPE = YES_ERROR;
				GCC_WARN_UNDECLARED_SELECTOR = YES;
				GCC_WARN_UNINITIALIZED_AUTOS = YES_AGGRESSIVE;
				GCC_WARN_UNUSED_FUNCTION = YES;
				GCC_WARN_UNUSED_VARIABLE = YES;
				IPHONEOS_DEPLOYMENT_TARGET = 16.1;
				MTL_ENABLE_DEBUG_INFO = NO;
				MTL_FAST_MATH = YES;
				SDKROOT = iphoneos;
				SWIFT_COMPILATION_MODE = wholemodule;
				SWIFT_OPTIMIZATION_LEVEL = "-O";
				VALIDATE_PRODUCT = YES;
			};
			name = Release;
		};
		E6C4C74229811F380001EAD6 /* Debug */ = {
			isa = XCBuildConfiguration;
			buildSettings = {
				ASSETCATALOG_COMPILER_APPICON_NAME = AppIcon;
				ASSETCATALOG_COMPILER_GLOBAL_ACCENT_COLOR_NAME = AccentColor;
				CODE_SIGN_STYLE = Automatic;
				CURRENT_PROJECT_VERSION = 1;
				DEVELOPMENT_TEAM = W6NYRRRG5Q;
				GENERATE_INFOPLIST_FILE = YES;
				INFOPLIST_FILE = LoadingViewControllersInUnitTest/Info.plist;
				INFOPLIST_KEY_UIApplicationSupportsIndirectInputEvents = YES;
				INFOPLIST_KEY_UILaunchStoryboardName = LaunchScreen;
				INFOPLIST_KEY_UIMainStoryboardFile = Main;
				INFOPLIST_KEY_UISupportedInterfaceOrientations_iPad = "UIInterfaceOrientationPortrait UIInterfaceOrientationPortraitUpsideDown UIInterfaceOrientationLandscapeLeft UIInterfaceOrientationLandscapeRight";
				INFOPLIST_KEY_UISupportedInterfaceOrientations_iPhone = "UIInterfaceOrientationPortrait UIInterfaceOrientationLandscapeLeft UIInterfaceOrientationLandscapeRight";
				LD_RUNPATH_SEARCH_PATHS = (
					"$(inherited)",
					"@executable_path/Frameworks",
				);
				MARKETING_VERSION = 1.0;
				PRODUCT_BUNDLE_IDENTIFIER = com.dhikadityre.LoadingViewControllersInUnitTest;
				PRODUCT_NAME = "$(TARGET_NAME)";
				SWIFT_EMIT_LOC_STRINGS = YES;
				SWIFT_VERSION = 5.0;
				TARGETED_DEVICE_FAMILY = "1,2";
			};
			name = Debug;
		};
		E6C4C74329811F380001EAD6 /* Release */ = {
			isa = XCBuildConfiguration;
			buildSettings = {
				ASSETCATALOG_COMPILER_APPICON_NAME = AppIcon;
				ASSETCATALOG_COMPILER_GLOBAL_ACCENT_COLOR_NAME = AccentColor;
				CODE_SIGN_STYLE = Automatic;
				CURRENT_PROJECT_VERSION = 1;
				DEVELOPMENT_TEAM = W6NYRRRG5Q;
				GENERATE_INFOPLIST_FILE = YES;
				INFOPLIST_FILE = LoadingViewControllersInUnitTest/Info.plist;
				INFOPLIST_KEY_UIApplicationSupportsIndirectInputEvents = YES;
				INFOPLIST_KEY_UILaunchStoryboardName = LaunchScreen;
				INFOPLIST_KEY_UIMainStoryboardFile = Main;
				INFOPLIST_KEY_UISupportedInterfaceOrientations_iPad = "UIInterfaceOrientationPortrait UIInterfaceOrientationPortraitUpsideDown UIInterfaceOrientationLandscapeLeft UIInterfaceOrientationLandscapeRight";
				INFOPLIST_KEY_UISupportedInterfaceOrientations_iPhone = "UIInterfaceOrientationPortrait UIInterfaceOrientationLandscapeLeft UIInterfaceOrientationLandscapeRight";
				LD_RUNPATH_SEARCH_PATHS = (
					"$(inherited)",
					"@executable_path/Frameworks",
				);
				MARKETING_VERSION = 1.0;
				PRODUCT_BUNDLE_IDENTIFIER = com.dhikadityre.LoadingViewControllersInUnitTest;
				PRODUCT_NAME = "$(TARGET_NAME)";
				SWIFT_EMIT_LOC_STRINGS = YES;
				SWIFT_VERSION = 5.0;
				TARGETED_DEVICE_FAMILY = "1,2";
			};
			name = Release;
		};
		E6C4C754298120760001EAD6 /* Debug */ = {
			isa = XCBuildConfiguration;
			buildSettings = {
				BUNDLE_LOADER = "$(TEST_HOST)";
				CODE_SIGN_STYLE = Automatic;
				CURRENT_PROJECT_VERSION = 1;
				DEVELOPMENT_TEAM = W6NYRRRG5Q;
				GENERATE_INFOPLIST_FILE = YES;
				MARKETING_VERSION = 1.0;
				PRODUCT_BUNDLE_IDENTIFIER = com.dhikadityre.LoadingViewControllersInUnitTestTests;
				PRODUCT_NAME = "$(TARGET_NAME)";
				SWIFT_EMIT_LOC_STRINGS = NO;
				SWIFT_VERSION = 5.0;
				TARGETED_DEVICE_FAMILY = "1,2";
				TEST_HOST = "$(BUILT_PRODUCTS_DIR)/LoadingViewControllersInUnitTest.app/$(BUNDLE_EXECUTABLE_FOLDER_PATH)/LoadingViewControllersInUnitTest";
			};
			name = Debug;
		};
		E6C4C755298120760001EAD6 /* Release */ = {
			isa = XCBuildConfiguration;
			buildSettings = {
				BUNDLE_LOADER = "$(TEST_HOST)";
				CODE_SIGN_STYLE = Automatic;
				CURRENT_PROJECT_VERSION = 1;
				DEVELOPMENT_TEAM = W6NYRRRG5Q;
				GENERATE_INFOPLIST_FILE = YES;
				MARKETING_VERSION = 1.0;
				PRODUCT_BUNDLE_IDENTIFIER = com.dhikadityre.LoadingViewControllersInUnitTestTests;
				PRODUCT_NAME = "$(TARGET_NAME)";
				SWIFT_EMIT_LOC_STRINGS = NO;
				SWIFT_VERSION = 5.0;
				TARGETED_DEVICE_FAMILY = "1,2";
				TEST_HOST = "$(BUILT_PRODUCTS_DIR)/LoadingViewControllersInUnitTest.app/$(BUNDLE_EXECUTABLE_FOLDER_PATH)/LoadingViewControllersInUnitTest";
			};
			name = Release;
		};
/* End XCBuildConfiguration section */

/* Begin XCConfigurationList section */
		E6C4C72829811F340001EAD6 /* Build configuration list for PBXProject "LoadingViewControllersInUnitTest" */ = {
			isa = XCConfigurationList;
			buildConfigurations = (
				E6C4C73F29811F380001EAD6 /* Debug */,
				E6C4C74029811F380001EAD6 /* Release */,
			);
			defaultConfigurationIsVisible = 0;
			defaultConfigurationName = Release;
		};
		E6C4C74129811F380001EAD6 /* Build configuration list for PBXNativeTarget "LoadingViewControllersInUnitTest" */ = {
			isa = XCConfigurationList;
			buildConfigurations = (
				E6C4C74229811F380001EAD6 /* Debug */,
				E6C4C74329811F380001EAD6 /* Release */,
			);
			defaultConfigurationIsVisible = 0;
			defaultConfigurationName = Release;
		};
		E6C4C753298120760001EAD6 /* Build configuration list for PBXNativeTarget "LoadingViewControllersInUnitTestTests" */ = {
			isa = XCConfigurationList;
			buildConfigurations = (
				E6C4C754298120760001EAD6 /* Debug */,
				E6C4C755298120760001EAD6 /* Release */,
			);
			defaultConfigurationIsVisible = 0;
			defaultConfigurationName = Release;
		};
/* End XCConfigurationList section */
	};
	rootObject = E6C4C72529811F340001EAD6 /* Project object */;
}
